// !$*UTF8*$!
{
	archiveVersion = 1;
	classes = {
	};
	objectVersion = 50;
	objects = {

/* Begin PBXBuildFile section */
		32D6A70626F51D9600F328C1 /* AppDelegate.swift in Sources */ = {isa = PBXBuildFile; fileRef = 32D6A70526F51D9600F328C1 /* AppDelegate.swift */; };
		32D6A70826F51D9600F328C1 /* SceneDelegate.swift in Sources */ = {isa = PBXBuildFile; fileRef = 32D6A70726F51D9600F328C1 /* SceneDelegate.swift */; };
		32D6A70A26F51D9600F328C1 /* ViewController.swift in Sources */ = {isa = PBXBuildFile; fileRef = 32D6A70926F51D9600F328C1 /* ViewController.swift */; };
		32D6A70D26F51D9600F328C1 /* Main.storyboard in Resources */ = {isa = PBXBuildFile; fileRef = 32D6A70B26F51D9600F328C1 /* Main.storyboard */; };
		32D6A70F26F51D9700F328C1 /* Assets.xcassets in Resources */ = {isa = PBXBuildFile; fileRef = 32D6A70E26F51D9700F328C1 /* Assets.xcassets */; };
		32D6A71226F51D9700F328C1 /* LaunchScreen.storyboard in Resources */ = {isa = PBXBuildFile; fileRef = 32D6A71026F51D9700F328C1 /* LaunchScreen.storyboard */; };
		32D6A71A26F5229200F328C1 /* NarutoViewController.swift in Sources */ = {isa = PBXBuildFile; fileRef = 32D6A71926F5229200F328C1 /* NarutoViewController.swift */; };
/* End PBXBuildFile section */

/* Begin PBXFileReference section */
		32D6A70226F51D9600F328C1 /* UIVisualEffectsExamples.app */ = {isa = PBXFileReference; explicitFileType = wrapper.application; includeInIndex = 0; path = UIVisualEffectsExamples.app; sourceTree = BUILT_PRODUCTS_DIR; };
		32D6A70526F51D9600F328C1 /* AppDelegate.swift */ = {isa = PBXFileReference; lastKnownFileType = sourcecode.swift; path = AppDelegate.swift; sourceTree = "<group>"; };
		32D6A70726F51D9600F328C1 /* SceneDelegate.swift */ = {isa = PBXFileReference; lastKnownFileType = sourcecode.swift; path = SceneDelegate.swift; sourceTree = "<group>"; };
		32D6A70926F51D9600F328C1 /* ViewController.swift */ = {isa = PBXFileReference; lastKnownFileType = sourcecode.swift; path = ViewController.swift; sourceTree = "<group>"; };
		32D6A70C26F51D9600F328C1 /* Base */ = {isa = PBXFileReference; lastKnownFileType = file.storyboard; name = Base; path = Base.lproj/Main.storyboard; sourceTree = "<group>"; };
		32D6A70E26F51D9700F328C1 /* Assets.xcassets */ = {isa = PBXFileReference; lastKnownFileType = folder.assetcatalog; path = Assets.xcassets; sourceTree = "<group>"; };
		32D6A71126F51D9700F328C1 /* Base */ = {isa = PBXFileReference; lastKnownFileType = file.storyboard; name = Base; path = Base.lproj/LaunchScreen.storyboard; sourceTree = "<group>"; };
		32D6A71326F51D9700F328C1 /* Info.plist */ = {isa = PBXFileReference; lastKnownFileType = text.plist.xml; path = Info.plist; sourceTree = "<group>"; };
		32D6A71926F5229200F328C1 /* NarutoViewController.swift */ = {isa = PBXFileReference; lastKnownFileType = sourcecode.swift; path = NarutoViewController.swift; sourceTree = "<group>"; };
/* End PBXFileReference section */

/* Begin PBXFrameworksBuildPhase section */
		32D6A6FF26F51D9600F328C1 /* Frameworks */ = {
			isa = PBXFrameworksBuildPhase;
			buildActionMask = 2147483647;
			files = (
			);
			runOnlyForDeploymentPostprocessing = 0;
		};
/* End PBXFrameworksBuildPhase section */

/* Begin PBXGroup section */
		32D6A6F926F51D9600F328C1 = {
			isa = PBXGroup;
			children = (
				32D6A70426F51D9600F328C1 /* UIVisualEffectsExamples */,
				32D6A70326F51D9600F328C1 /* Products */,
			);
			sourceTree = "<group>";
		};
		32D6A70326F51D9600F328C1 /* Products */ = {
			isa = PBXGroup;
			children = (
				32D6A70226F51D9600F328C1 /* UIVisualEffectsExamples.app */,
			);
			name = Products;
			sourceTree = "<group>";
		};
		32D6A70426F51D9600F328C1 /* UIVisualEffectsExamples */ = {
			isa = PBXGroup;
			children = (
				32D6A70526F51D9600F328C1 /* AppDelegate.swift */,
				32D6A70726F51D9600F328C1 /* SceneDelegate.swift */,
				32D6A70926F51D9600F328C1 /* ViewController.swift */,
				32D6A71926F5229200F328C1 /* NarutoViewController.swift */,
				32D6A70B26F51D9600F328C1 /* Main.storyboard */,
				32D6A70E26F51D9700F328C1 /* Assets.xcassets */,
				32D6A71026F51D9700F328C1 /* LaunchScreen.storyboard */,
				32D6A71326F51D9700F328C1 /* Info.plist */,
			);
			path = UIVisualEffectsExamples;
			sourceTree = "<group>";
		};
/* End PBXGroup section */

/* Begin PBXNativeTarget section */
		32D6A70126F51D9600F328C1 /* UIVisualEffectsExamples */ = {
			isa = PBXNativeTarget;
			buildConfigurationList = 32D6A71626F51D9700F328C1 /* Build configuration list for PBXNativeTarget "UIVisualEffectsExamples" */;
			buildPhases = (
				32D6A6FE26F51D9600F328C1 /* Sources */,
				32D6A6FF26F51D9600F328C1 /* Frameworks */,
				32D6A70026F51D9600F328C1 /* Resources */,
			);
			buildRules = (
			);
			dependencies = (
			);
			name = UIVisualEffectsExamples;
			productName = UIVisualEffectsExamples;
			productReference = 32D6A70226F51D9600F328C1 /* UIVisualEffectsExamples.app */;
			productType = "com.apple.product-type.application";
		};
/* End PBXNativeTarget section */

/* Begin PBXProject section */
		32D6A6FA26F51D9600F328C1 /* Project object */ = {
			isa = PBXProject;
			attributes = {
				LastSwiftUpdateCheck = 1250;
				LastUpgradeCheck = 1250;
				TargetAttributes = {
					32D6A70126F51D9600F328C1 = {
						CreatedOnToolsVersion = 12.5.1;
					};
				};
			};
			buildConfigurationList = 32D6A6FD26F51D9600F328C1 /* Build configuration list for PBXProject "UIVisualEffectsExamples" */;
			compatibilityVersion = "Xcode 9.3";
			developmentRegion = en;
			hasScannedForEncodings = 0;
			knownRegions = (
				en,
				Base,
			);
			mainGroup = 32D6A6F926F51D9600F328C1;
			productRefGroup = 32D6A70326F51D9600F328C1 /* Products */;
			projectDirPath = "";
			projectRoot = "";
			targets = (
				32D6A70126F51D9600F328C1 /* UIVisualEffectsExamples */,
			);
		};
/* End PBXProject section */

/* Begin PBXResourcesBuildPhase section */
		32D6A70026F51D9600F328C1 /* Resources */ = {
			isa = PBXResourcesBuildPhase;
			buildActionMask = 2147483647;
			files = (
				32D6A71226F51D9700F328C1 /* LaunchScreen.storyboard in Resources */,
				32D6A70F26F51D9700F328C1 /* Assets.xcassets in Resources */,
				32D6A70D26F51D9600F328C1 /* Main.storyboard in Resources */,
			);
			runOnlyForDeploymentPostprocessing = 0;
		};
/* End PBXResourcesBuildPhase section */

/* Begin PBXSourcesBuildPhase section */
		32D6A6FE26F51D9600F328C1 /* Sources */ = {
			isa = PBXSourcesBuildPhase;
			buildActionMask = 2147483647;
			files = (
				32D6A70A26F51D9600F328C1 /* ViewController.swift in Sources */,
				32D6A71A26F5229200F328C1 /* NarutoViewController.swift in Sources */,
				32D6A70626F51D9600F328C1 /* AppDelegate.swift in Sources */,
				32D6A70826F51D9600F328C1 /* SceneDelegate.swift in Sources */,
			);
			runOnlyForDeploymentPostprocessing = 0;
		};
/* End PBXSourcesBuildPhase section */

/* Begin PBXVariantGroup section */
		32D6A70B26F51D9600F328C1 /* Main.storyboard */ = {
			isa = PBXVariantGroup;
			children = (
				32D6A70C26F51D9600F328C1 /* Base */,
			);
			name = Main.storyboard;
			sourceTree = "<group>";
		};
		32D6A71026F51D9700F328C1 /* LaunchScreen.storyboard */ = {
			isa = PBXVariantGroup;
			children = (
				32D6A71126F51D9700F328C1 /* Base */,
			);
			name = LaunchScreen.storyboard;
			sourceTree = "<group>";
		};
/* End PBXVariantGroup section */

/* Begin XCBuildConfiguration section */
		32D6A71426F51D9700F328C1 /* Debug */ = {
			isa = XCBuildConfiguration;
			buildSettings = {
				ALWAYS_SEARCH_USER_PATHS = NO;
				CLANG_ANALYZER_NONNULL = YES;
				CLANG_ANALYZER_NUMBER_OBJECT_CONVERSION = YES_AGGRESSIVE;
				CLANG_CXX_LANGUAGE_STANDARD = "gnu++14";
				CLANG_CXX_LIBRARY = "libc++";
				CLANG_ENABLE_MODULES = YES;
				CLANG_ENABLE_OBJC_ARC = YES;
				CLANG_ENABLE_OBJC_WEAK = YES;
				CLANG_WARN_BLOCK_CAPTURE_AUTORELEASING = YES;
				CLANG_WARN_BOOL_CONVERSION = YES;
				CLANG_WARN_COMMA = YES;
				CLANG_WARN_CONSTANT_CONVERSION = YES;
				CLANG_WARN_DEPRECATED_OBJC_IMPLEMENTATIONS = YES;
				CLANG_WARN_DIRECT_OBJC_ISA_USAGE = YES_ERROR;
				CLANG_WARN_DOCUMENTATION_COMMENTS = YES;
				CLANG_WARN_EMPTY_BODY = YES;
				CLANG_WARN_ENUM_CONVERSION = YES;
				CLANG_WARN_INFINITE_RECURSION = YES;
				CLANG_WARN_INT_CONVERSION = YES;
				CLANG_WARN_NON_LITERAL_NULL_CONVERSION = YES;
				CLANG_WARN_OBJC_IMPLICIT_RETAIN_SELF = YES;
				CLANG_WARN_OBJC_LITERAL_CONVERSION = YES;
				CLANG_WARN_OBJC_ROOT_CLASS = YES_ERROR;
				CLANG_WARN_QUOTED_INCLUDE_IN_FRAMEWORK_HEADER = YES;
				CLANG_WARN_RANGE_LOOP_ANALYSIS = YES;
				CLANG_WARN_STRICT_PROTOTYPES = YES;
				CLANG_WARN_SUSPICIOUS_MOVE = YES;
				CLANG_WARN_UNGUARDED_AVAILABILITY = YES_AGGRESSIVE;
				CLANG_WARN_UNREACHABLE_CODE = YES;
				CLANG_WARN__DUPLICATE_METHOD_MATCH = YES;
				COPY_PHASE_STRIP = NO;
				DEBUG_INFORMATION_FORMAT = dwarf;
				ENABLE_STRICT_OBJC_MSGSEND = YES;
				ENABLE_TESTABILITY = YES;
				GCC_C_LANGUAGE_STANDARD = gnu11;
				GCC_DYNAMIC_NO_PIC = NO;
				GCC_NO_COMMON_BLOCKS = YES;
				GCC_OPTIMIZATION_LEVEL = 0;
				GCC_PREPROCESSOR_DEFINITIONS = (
					"DEBUG=1",
					"$(inherited)",
				);
				GCC_WARN_64_TO_32_BIT_CONVERSION = YES;
				GCC_WARN_ABOUT_RETURN_TYPE = YES_ERROR;
				GCC_WARN_UNDECLARED_SELECTOR = YES;
				GCC_WARN_UNINITIALIZED_AUTOS = YES_AGGRESSIVE;
				GCC_WARN_UNUSED_FUNCTION = YES;
				GCC_WARN_UNUSED_VARIABLE = YES;
				IPHONEOS_DEPLOYMENT_TARGET = 14.5;
				MTL_ENABLE_DEBUG_INFO = INCLUDE_SOURCE;
				MTL_FAST_MATH = YES;
				ONLY_ACTIVE_ARCH = YES;
				SDKROOT = iphoneos;
				SWIFT_ACTIVE_COMPILATION_CONDITIONS = DEBUG;
				SWIFT_OPTIMIZATION_LEVEL = "-Onone";
			};
			name = Debug;
		};
		32D6A71526F51D9700F328C1 /* Release */ = {
			isa = XCBuildConfiguration;
			buildSettings = {
				ALWAYS_SEARCH_USER_PATHS = NO;
				CLANG_ANALYZER_NONNULL = YES;
				CLANG_ANALYZER_NUMBER_OBJECT_CONVERSION = YES_AGGRESSIVE;
				CLANG_CXX_LANGUAGE_STANDARD = "gnu++14";
				CLANG_CXX_LIBRARY = "libc++";
				CLANG_ENABLE_MODULES = YES;
				CLANG_ENABLE_OBJC_ARC = YES;
				CLANG_ENABLE_OBJC_WEAK = YES;
				CLANG_WARN_BLOCK_CAPTURE_AUTORELEASING = YES;
				CLANG_WARN_BOOL_CONVERSION = YES;
				CLANG_WARN_COMMA = YES;
				CLANG_WARN_CONSTANT_CONVERSION = YES;
				CLANG_WARN_DEPRECATED_OBJC_IMPLEMENTATIONS = YES;
				CLANG_WARN_DIRECT_OBJC_ISA_USAGE = YES_ERROR;
				CLANG_WARN_DOCUMENTATION_COMMENTS = YES;
				CLANG_WARN_EMPTY_BODY = YES;
				CLANG_WARN_ENUM_CONVERSION = YES;
				CLANG_WARN_INFINITE_RECURSION = YES;
				CLANG_WARN_INT_CONVERSION = YES;
				CLANG_WARN_NON_LITERAL_NULL_CONVERSION = YES;
				CLANG_WARN_OBJC_IMPLICIT_RETAIN_SELF = YES;
				CLANG_WARN_OBJC_LITERAL_CONVERSION = YES;
				CLANG_WARN_OBJC_ROOT_CLASS = YES_ERROR;
				CLANG_WARN_QUOTED_INCLUDE_IN_FRAMEWORK_HEADER = YES;
				CLANG_WARN_RANGE_LOOP_ANALYSIS = YES;
				CLANG_WARN_STRICT_PROTOTYPES = YES;
				CLANG_WARN_SUSPICIOUS_MOVE = YES;
				CLANG_WARN_UNGUARDED_AVAILABILITY = YES_AGGRESSIVE;
				CLANG_WARN_UNREACHABLE_CODE = YES;
				CLANG_WARN__DUPLICATE_METHOD_MATCH = YES;
				COPY_PHASE_STRIP = NO;
				DEBUG_INFORMATION_FORMAT = "dwarf-with-dsym";
				ENABLE_NS_ASSERTIONS = NO;
				ENABLE_STRICT_OBJC_MSGSEND = YES;
				GCC_C_LANGUAGE_STANDARD = gnu11;
				GCC_NO_COMMON_BLOCKS = YES;
				GCC_WARN_64_TO_32_BIT_CONVERSION = YES;
				GCC_WARN_ABOUT_RETURN_TYPE = YES_ERROR;
				GCC_WARN_UNDECLARED_SELECTOR = YES;
				GCC_WARN_UNINITIALIZED_AUTOS = YES_AGGRESSIVE;
				GCC_WARN_UNUSED_FUNCTION = YES;
				GCC_WARN_UNUSED_VARIABLE = YES;
				IPHONEOS_DEPLOYMENT_TARGET = 14.5;
				MTL_ENABLE_DEBUG_INFO = NO;
				MTL_FAST_MATH = YES;
				SDKROOT = iphoneos;
				SWIFT_COMPILATION_MODE = wholemodule;
				SWIFT_OPTIMIZATION_LEVEL = "-O";
				VALIDATE_PRODUCT = YES;
			};
			name = Release;
		};
		32D6A71726F51D9700F328C1 /* Debug */ = {
			isa = XCBuildConfiguration;
			buildSettings = {
				ASSETCATALOG_COMPILER_APPICON_NAME = AppIcon;
				ASSETCATALOG_COMPILER_GLOBAL_ACCENT_COLOR_NAME = AccentColor;
				CODE_SIGN_STYLE = Automatic;
				DEVELOPMENT_TEAM = TVWML4DXDJ;
				INFOPLIST_FILE = UIVisualEffectsExamples/Info.plist;
				LD_RUNPATH_SEARCH_PATHS = (
					"$(inherited)",
					"@executable_path/Frameworks",
				);
				PRODUCT_BUNDLE_IDENTIFIER = "-111.UIVisualEffectsExamples";
				PRODUCT_NAME = "$(TARGET_NAME)";
				SWIFT_VERSION = 5.0;
				TARGETED_DEVICE_FAMILY = "1,2";
			};
			name = Debug;
		};
		32D6A71826F51D9700F328C1 /* Release */ = {
			isa = XCBuildConfiguration;
			buildSettings = {
				ASSETCATALOG_COMPILER_APPICON_NAME = AppIcon;
				ASSETCATALOG_COMPILER_GLOBAL_ACCENT_COLOR_NAME = AccentColor;
				CODE_SIGN_STYLE = Automatic;
				DEVELOPMENT_TEAM = TVWML4DXDJ;
				INFOPLIST_FILE = UIVisualEffectsExamples/Info.plist;
				LD_RUNPATH_SEARCH_PATHS = (
					"$(inherited)",
					"@executable_path/Frameworks",
				);
				PRODUCT_BUNDLE_IDENTIFIER = "-111.UIVisualEffectsExamples";
				PRODUCT_NAME = "$(TARGET_NAME)";
				SWIFT_VERSION = 5.0;
				TARGETED_DEVICE_FAMILY = "1,2";
			};
			name = Release;
		};
/* End XCBuildConfiguration section */

/* Begin XCConfigurationList section */
		32D6A6FD26F51D9600F328C1 /* Build configuration list for PBXProject "UIVisualEffectsExamples" */ = {
			isa = XCConfigurationList;
			buildConfigurations = (
				32D6A71426F51D9700F328C1 /* Debug */,
				32D6A71526F51D9700F328C1 /* Release */,
			);
			defaultConfigurationIsVisible = 0;
			defaultConfigurationName = Release;
		};
		32D6A71626F51D9700F328C1 /* Build configuration list for PBXNativeTarget "UIVisualEffectsExamples" */ = {
			isa = XCConfigurationList;
			buildConfigurations = (
				32D6A71726F51D9700F328C1 /* Debug */,
				32D6A71826F51D9700F328C1 /* Release */,
			);
			defaultConfigurationIsVisible = 0;
			defaultConfigurationName = Release;
		};
/* End XCConfigurationList section */
	};
	rootObject = 32D6A6FA26F51D9600F328C1 /* Project object */;
}
